
Microsoft Visual Studio Solution File, Format Version 12.00
# Visual Studio 15
VisualStudioVersion = 15.0.27130.2010
MinimumVisualStudioVersion = 10.0.40219.1
Project("{FAE04EC0-301F-11D3-BF4B-00C04F79EFBC}") = "EarlySite.Web", "EarlySite.Web\EarlySite.Web.csproj", "{A9C91ACD-ABE3-47A2-A1EB-46A1F83D63C4}"
EndProject
Project("{FAE04EC0-301F-11D3-BF4B-00C04F79EFBC}") = "EarlySite.Core", "EarlySite.Core\EarlySite.Core.csproj", "{1622D25B-A25D-4640-B5E6-413E7F3A3A87}"
EndProject
Project("{FAE04EC0-301F-11D3-BF4B-00C04F79EFBC}") = "EarlySite.SModel", "EarlySite.SModel.cs\EarlySite.SModel.csproj", "{D889EBF6-62F6-4BFF-B537-9830BAA24953}"
EndProject
Project("{FAE04EC0-301F-11D3-BF4B-00C04F79EFBC}") = "EarlySite.Business", "EarlySite.Business\EarlySite.Business.csproj", "{DFEA73B0-7091-48B8-8F17-6C0962C41464}"
EndProject
Global
	GlobalSection(SolutionConfigurationPlatforms) = preSolution
		Debug|Any CPU = Debug|Any CPU
		Release|Any CPU = Release|Any CPU
	EndGlobalSection
	GlobalSection(ProjectConfigurationPlatforms) = postSolution
		{A9C91ACD-ABE3-47A2-A1EB-46A1F83D63C4}.Debug|Any CPU.ActiveCfg = Debug|Any CPU
		{A9C91ACD-ABE3-47A2-A1EB-46A1F83D63C4}.Debug|Any CPU.Build.0 = Debug|Any CPU
		{A9C91ACD-ABE3-47A2-A1EB-46A1F83D63C4}.Release|Any CPU.ActiveCfg = Release|Any CPU
		{A9C91ACD-ABE3-47A2-A1EB-46A1F83D63C4}.Release|Any CPU.Build.0 = Release|Any CPU
		{1622D25B-A25D-4640-B5E6-413E7F3A3A87}.Debug|Any CPU.ActiveCfg = Debug|Any CPU
		{1622D25B-A25D-4640-B5E6-413E7F3A3A87}.Debug|Any CPU.Build.0 = Debug|Any CPU
		{1622D25B-A25D-4640-B5E6-413E7F3A3A87}.Release|Any CPU.ActiveCfg = Release|Any CPU
		{1622D25B-A25D-4640-B5E6-413E7F3A3A87}.Release|Any CPU.Build.0 = Release|Any CPU
		{D889EBF6-62F6-4BFF-B537-9830BAA24953}.Debug|Any CPU.ActiveCfg = Debug|Any CPU
		{D889EBF6-62F6-4BFF-B537-9830BAA24953}.Debug|Any CPU.Build.0 = Debug|Any CPU
		{D889EBF6-62F6-4BFF-B537-9830BAA24953}.Release|Any CPU.ActiveCfg = Release|Any CPU
		{D889EBF6-62F6-4BFF-B537-9830BAA24953}.Release|Any CPU.Build.0 = Release|Any CPU
		{DFEA73B0-7091-48B8-8F17-6C0962C41464}.Debug|Any CPU.ActiveCfg = Debug|Any CPU
		{DFEA73B0-7091-48B8-8F17-6C0962C41464}.Debug|Any CPU.Build.0 = Debug|Any CPU
		{DFEA73B0-7091-48B8-8F17-6C0962C41464}.Release|Any CPU.ActiveCfg = Release|Any CPU
		{DFEA73B0-7091-48B8-8F17-6C0962C41464}.Release|Any CPU.Build.0 = Release|Any CPU
	EndGlobalSection
	GlobalSection(SolutionProperties) = preSolution
		HideSolutionNode = FALSE
	EndGlobalSection
	GlobalSection(ExtensibilityGlobals) = postSolution
		SolutionGuid = {ABA1B31D-8101-46BB-96C3-643EB11C7D00}
	EndGlobalSection
EndGlobal
